// !$*UTF8*$!
{
	archiveVersion = 1;
	classes = {
	};
	objectVersion = 46;
	objects = {

/* Begin PBXBuildFile section */
		7FF620631E499BBB00AC6F40 /* AppDelegate.swift in Sources */ = {isa = PBXBuildFile; fileRef = 7FF620621E499BBB00AC6F40 /* AppDelegate.swift */; };
		7FF620651E499BBB00AC6F40 /* ViewController.swift in Sources */ = {isa = PBXBuildFile; fileRef = 7FF620641E499BBB00AC6F40 /* ViewController.swift */; };
		7FF620681E499BBB00AC6F40 /* Main.storyboard in Resources */ = {isa = PBXBuildFile; fileRef = 7FF620661E499BBB00AC6F40 /* Main.storyboard */; };
		7FF6206A1E499BBB00AC6F40 /* Assets.xcassets in Resources */ = {isa = PBXBuildFile; fileRef = 7FF620691E499BBB00AC6F40 /* Assets.xcassets */; };
		7FF6206D1E499BBB00AC6F40 /* LaunchScreen.storyboard in Resources */ = {isa = PBXBuildFile; fileRef = 7FF6206B1E499BBB00AC6F40 /* LaunchScreen.storyboard */; };
		7FF620781E499BBB00AC6F40 /* TCMManager_SwiftTests.swift in Sources */ = {isa = PBXBuildFile; fileRef = 7FF620771E499BBB00AC6F40 /* TCMManager_SwiftTests.swift */; };
		7FF620831E499BBB00AC6F40 /* TCMManager_SwiftUITests.swift in Sources */ = {isa = PBXBuildFile; fileRef = 7FF620821E499BBB00AC6F40 /* TCMManager_SwiftUITests.swift */; };
/* End PBXBuildFile section */

/* Begin PBXContainerItemProxy section */
		7FF620741E499BBB00AC6F40 /* PBXContainerItemProxy */ = {
			isa = PBXContainerItemProxy;
			containerPortal = 7FF620571E499BBB00AC6F40 /* Project object */;
			proxyType = 1;
			remoteGlobalIDString = 7FF6205E1E499BBB00AC6F40;
			remoteInfo = TCMManager_Swift;
		};
		7FF6207F1E499BBB00AC6F40 /* PBXContainerItemProxy */ = {
			isa = PBXContainerItemProxy;
			containerPortal = 7FF620571E499BBB00AC6F40 /* Project object */;
			proxyType = 1;
			remoteGlobalIDString = 7FF6205E1E499BBB00AC6F40;
			remoteInfo = TCMManager_Swift;
		};
/* End PBXContainerItemProxy section */

/* Begin PBXFileReference section */
		7FF6205F1E499BBB00AC6F40 /* TCMManager_Swift.app */ = {isa = PBXFileReference; explicitFileType = wrapper.application; includeInIndex = 0; path = TCMManager_Swift.app; sourceTree = BUILT_PRODUCTS_DIR; };
		7FF620621E499BBB00AC6F40 /* AppDelegate.swift */ = {isa = PBXFileReference; lastKnownFileType = sourcecode.swift; path = AppDelegate.swift; sourceTree = "<group>"; };
		7FF620641E499BBB00AC6F40 /* ViewController.swift */ = {isa = PBXFileReference; lastKnownFileType = sourcecode.swift; path = ViewController.swift; sourceTree = "<group>"; };
		7FF620671E499BBB00AC6F40 /* Base */ = {isa = PBXFileReference; lastKnownFileType = file.storyboard; name = Base; path = Base.lproj/Main.storyboard; sourceTree = "<group>"; };
		7FF620691E499BBB00AC6F40 /* Assets.xcassets */ = {isa = PBXFileReference; lastKnownFileType = folder.assetcatalog; path = Assets.xcassets; sourceTree = "<group>"; };
		7FF6206C1E499BBB00AC6F40 /* Base */ = {isa = PBXFileReference; lastKnownFileType = file.storyboard; name = Base; path = Base.lproj/LaunchScreen.storyboard; sourceTree = "<group>"; };
		7FF6206E1E499BBB00AC6F40 /* Info.plist */ = {isa = PBXFileReference; lastKnownFileType = text.plist.xml; path = Info.plist; sourceTree = "<group>"; };
		7FF620731E499BBB00AC6F40 /* TCMManager_SwiftTests.xctest */ = {isa = PBXFileReference; explicitFileType = wrapper.cfbundle; includeInIndex = 0; path = TCMManager_SwiftTests.xctest; sourceTree = BUILT_PRODUCTS_DIR; };
		7FF620771E499BBB00AC6F40 /* TCMManager_SwiftTests.swift */ = {isa = PBXFileReference; lastKnownFileType = sourcecode.swift; path = TCMManager_SwiftTests.swift; sourceTree = "<group>"; };
		7FF620791E499BBB00AC6F40 /* Info.plist */ = {isa = PBXFileReference; lastKnownFileType = text.plist.xml; path = Info.plist; sourceTree = "<group>"; };
		7FF6207E1E499BBB00AC6F40 /* TCMManager_SwiftUITests.xctest */ = {isa = PBXFileReference; explicitFileType = wrapper.cfbundle; includeInIndex = 0; path = TCMManager_SwiftUITests.xctest; sourceTree = BUILT_PRODUCTS_DIR; };
		7FF620821E499BBB00AC6F40 /* TCMManager_SwiftUITests.swift */ = {isa = PBXFileReference; lastKnownFileType = sourcecode.swift; path = TCMManager_SwiftUITests.swift; sourceTree = "<group>"; };
		7FF620841E499BBB00AC6F40 /* Info.plist */ = {isa = PBXFileReference; lastKnownFileType = text.plist.xml; path = Info.plist; sourceTree = "<group>"; };
/* End PBXFileReference section */

/* Begin PBXFrameworksBuildPhase section */
		7FF6205C1E499BBB00AC6F40 /* Frameworks */ = {
			isa = PBXFrameworksBuildPhase;
			buildActionMask = 2147483647;
			files = (
			);
			runOnlyForDeploymentPostprocessing = 0;
		};
		7FF620701E499BBB00AC6F40 /* Frameworks */ = {
			isa = PBXFrameworksBuildPhase;
			buildActionMask = 2147483647;
			files = (
			);
			runOnlyForDeploymentPostprocessing = 0;
		};
		7FF6207B1E499BBB00AC6F40 /* Frameworks */ = {
			isa = PBXFrameworksBuildPhase;
			buildActionMask = 2147483647;
			files = (
			);
			runOnlyForDeploymentPostprocessing = 0;
		};
/* End PBXFrameworksBuildPhase section */

/* Begin PBXGroup section */
		7FF620561E499BBB00AC6F40 = {
			isa = PBXGroup;
			children = (
				7FF620611E499BBB00AC6F40 /* TCMManager_Swift */,
				7FF620761E499BBB00AC6F40 /* TCMManager_SwiftTests */,
				7FF620811E499BBB00AC6F40 /* TCMManager_SwiftUITests */,
				7FF620601E499BBB00AC6F40 /* Products */,
			);
			sourceTree = "<group>";
		};
		7FF620601E499BBB00AC6F40 /* Products */ = {
			isa = PBXGroup;
			children = (
				7FF6205F1E499BBB00AC6F40 /* TCMManager_Swift.app */,
				7FF620731E499BBB00AC6F40 /* TCMManager_SwiftTests.xctest */,
				7FF6207E1E499BBB00AC6F40 /* TCMManager_SwiftUITests.xctest */,
			);
			name = Products;
			sourceTree = "<group>";
		};
		7FF620611E499BBB00AC6F40 /* TCMManager_Swift */ = {
			isa = PBXGroup;
			children = (
				7FF620621E499BBB00AC6F40 /* AppDelegate.swift */,
				7FF620641E499BBB00AC6F40 /* ViewController.swift */,
				7FF620661E499BBB00AC6F40 /* Main.storyboard */,
				7FF620691E499BBB00AC6F40 /* Assets.xcassets */,
				7FF6206B1E499BBB00AC6F40 /* LaunchScreen.storyboard */,
				7FF6206E1E499BBB00AC6F40 /* Info.plist */,
			);
			path = TCMManager_Swift;
			sourceTree = "<group>";
		};
		7FF620761E499BBB00AC6F40 /* TCMManager_SwiftTests */ = {
			isa = PBXGroup;
			children = (
				7FF620771E499BBB00AC6F40 /* TCMManager_SwiftTests.swift */,
				7FF620791E499BBB00AC6F40 /* Info.plist */,
			);
			path = TCMManager_SwiftTests;
			sourceTree = "<group>";
		};
		7FF620811E499BBB00AC6F40 /* TCMManager_SwiftUITests */ = {
			isa = PBXGroup;
			children = (
				7FF620821E499BBB00AC6F40 /* TCMManager_SwiftUITests.swift */,
				7FF620841E499BBB00AC6F40 /* Info.plist */,
			);
			path = TCMManager_SwiftUITests;
			sourceTree = "<group>";
		};
/* End PBXGroup section */

/* Begin PBXNativeTarget section */
		7FF6205E1E499BBB00AC6F40 /* TCMManager_Swift */ = {
			isa = PBXNativeTarget;
			buildConfigurationList = 7FF620871E499BBB00AC6F40 /* Build configuration list for PBXNativeTarget "TCMManager_Swift" */;
			buildPhases = (
				7FF6205B1E499BBB00AC6F40 /* Sources */,
				7FF6205C1E499BBB00AC6F40 /* Frameworks */,
				7FF6205D1E499BBB00AC6F40 /* Resources */,
			);
			buildRules = (
			);
			dependencies = (
			);
			name = TCMManager_Swift;
			productName = TCMManager_Swift;
			productReference = 7FF6205F1E499BBB00AC6F40 /* TCMManager_Swift.app */;
			productType = "com.apple.product-type.application";
		};
		7FF620721E499BBB00AC6F40 /* TCMManager_SwiftTests */ = {
			isa = PBXNativeTarget;
			buildConfigurationList = 7FF6208A1E499BBB00AC6F40 /* Build configuration list for PBXNativeTarget "TCMManager_SwiftTests" */;
			buildPhases = (
				7FF6206F1E499BBB00AC6F40 /* Sources */,
				7FF620701E499BBB00AC6F40 /* Frameworks */,
				7FF620711E499BBB00AC6F40 /* Resources */,
			);
			buildRules = (
			);
			dependencies = (
				7FF620751E499BBB00AC6F40 /* PBXTargetDependency */,
			);
			name = TCMManager_SwiftTests;
			productName = TCMManager_SwiftTests;
			productReference = 7FF620731E499BBB00AC6F40 /* TCMManager_SwiftTests.xctest */;
			productType = "com.apple.product-type.bundle.unit-test";
		};
		7FF6207D1E499BBB00AC6F40 /* TCMManager_SwiftUITests */ = {
			isa = PBXNativeTarget;
			buildConfigurationList = 7FF6208D1E499BBB00AC6F40 /* Build configuration list for PBXNativeTarget "TCMManager_SwiftUITests" */;
			buildPhases = (
				7FF6207A1E499BBB00AC6F40 /* Sources */,
				7FF6207B1E499BBB00AC6F40 /* Frameworks */,
				7FF6207C1E499BBB00AC6F40 /* Resources */,
			);
			buildRules = (
			);
			dependencies = (
				7FF620801E499BBB00AC6F40 /* PBXTargetDependency */,
			);
			name = TCMManager_SwiftUITests;
			productName = TCMManager_SwiftUITests;
			productReference = 7FF6207E1E499BBB00AC6F40 /* TCMManager_SwiftUITests.xctest */;
			productType = "com.apple.product-type.bundle.ui-testing";
		};
/* End PBXNativeTarget section */

/* Begin PBXProject section */
		7FF620571E499BBB00AC6F40 /* Project object */ = {
			isa = PBXProject;
			attributes = {
				LastSwiftUpdateCheck = 0820;
				LastUpgradeCheck = 0820;
				ORGANIZATIONNAME = HeLijuan;
				TargetAttributes = {
					7FF6205E1E499BBB00AC6F40 = {
						CreatedOnToolsVersion = 8.2.1;
						DevelopmentTeam = 3A4DMS5357;
						ProvisioningStyle = Automatic;
					};
					7FF620721E499BBB00AC6F40 = {
						CreatedOnToolsVersion = 8.2.1;
						DevelopmentTeam = 3A4DMS5357;
						ProvisioningStyle = Automatic;
						TestTargetID = 7FF6205E1E499BBB00AC6F40;
					};
					7FF6207D1E499BBB00AC6F40 = {
						CreatedOnToolsVersion = 8.2.1;
						DevelopmentTeam = 3A4DMS5357;
						ProvisioningStyle = Automatic;
						TestTargetID = 7FF6205E1E499BBB00AC6F40;
					};
				};
			};
			buildConfigurationList = 7FF6205A1E499BBB00AC6F40 /* Build configuration list for PBXProject "TCMManager_Swift" */;
			compatibilityVersion = "Xcode 3.2";
			developmentRegion = English;
			hasScannedForEncodings = 0;
			knownRegions = (
				en,
				Base,
			);
			mainGroup = 7FF620561E499BBB00AC6F40;
			productRefGroup = 7FF620601E499BBB00AC6F40 /* Products */;
			projectDirPath = "";
			projectRoot = "";
			targets = (
				7FF6205E1E499BBB00AC6F40 /* TCMManager_Swift */,
				7FF620721E499BBB00AC6F40 /* TCMManager_SwiftTests */,
				7FF6207D1E499BBB00AC6F40 /* TCMManager_SwiftUITests */,
			);
		};
/* End PBXProject section */

/* Begin PBXResourcesBuildPhase section */
		7FF6205D1E499BBB00AC6F40 /* Resources */ = {
			isa = PBXResourcesBuildPhase;
			buildActionMask = 2147483647;
			files = (
				7FF6206D1E499BBB00AC6F40 /* LaunchScreen.storyboard in Resources */,
				7FF6206A1E499BBB00AC6F40 /* Assets.xcassets in Resources */,
				7FF620681E499BBB00AC6F40 /* Main.storyboard in Resources */,
			);
			runOnlyForDeploymentPostprocessing = 0;
		};
		7FF620711E499BBB00AC6F40 /* Resources */ = {
			isa = PBXResourcesBuildPhase;
			buildActionMask = 2147483647;
			files = (
			);
			runOnlyForDeploymentPostprocessing = 0;
		};
		7FF6207C1E499BBB00AC6F40 /* Resources */ = {
			isa = PBXResourcesBuildPhase;
			buildActionMask = 2147483647;
			files = (
			);
			runOnlyForDeploymentPostprocessing = 0;
		};
/* End PBXResourcesBuildPhase section */

/* Begin PBXSourcesBuildPhase section */
		7FF6205B1E499BBB00AC6F40 /* Sources */ = {
			isa = PBXSourcesBuildPhase;
			buildActionMask = 2147483647;
			files = (
				7FF620651E499BBB00AC6F40 /* ViewController.swift in Sources */,
				7FF620631E499BBB00AC6F40 /* AppDelegate.swift in Sources */,
			);
			runOnlyForDeploymentPostprocessing = 0;
		};
		7FF6206F1E499BBB00AC6F40 /* Sources */ = {
			isa = PBXSourcesBuildPhase;
			buildActionMask = 2147483647;
			files = (
				7FF620781E499BBB00AC6F40 /* TCMManager_SwiftTests.swift in Sources */,
			);
			runOnlyForDeploymentPostprocessing = 0;
		};
		7FF6207A1E499BBB00AC6F40 /* Sources */ = {
			isa = PBXSourcesBuildPhase;
			buildActionMask = 2147483647;
			files = (
				7FF620831E499BBB00AC6F40 /* TCMManager_SwiftUITests.swift in Sources */,
			);
			runOnlyForDeploymentPostprocessing = 0;
		};
/* End PBXSourcesBuildPhase section */

/* Begin PBXTargetDependency section */
		7FF620751E499BBB00AC6F40 /* PBXTargetDependency */ = {
			isa = PBXTargetDependency;
			target = 7FF6205E1E499BBB00AC6F40 /* TCMManager_Swift */;
			targetProxy = 7FF620741E499BBB00AC6F40 /* PBXContainerItemProxy */;
		};
		7FF620801E499BBB00AC6F40 /* PBXTargetDependency */ = {
			isa = PBXTargetDependency;
			target = 7FF6205E1E499BBB00AC6F40 /* TCMManager_Swift */;
			targetProxy = 7FF6207F1E499BBB00AC6F40 /* PBXContainerItemProxy */;
		};
/* End PBXTargetDependency section */

/* Begin PBXVariantGroup section */
		7FF620661E499BBB00AC6F40 /* Main.storyboard */ = {
			isa = PBXVariantGroup;
			children = (
				7FF620671E499BBB00AC6F40 /* Base */,
			);
			name = Main.storyboard;
			sourceTree = "<group>";
		};
		7FF6206B1E499BBB00AC6F40 /* LaunchScreen.storyboard */ = {
			isa = PBXVariantGroup;
			children = (
				7FF6206C1E499BBB00AC6F40 /* Base */,
			);
			name = LaunchScreen.storyboard;
			sourceTree = "<group>";
		};
/* End PBXVariantGroup section */

/* Begin XCBuildConfiguration section */
		7FF620851E499BBB00AC6F40 /* Debug */ = {
			isa = XCBuildConfiguration;
			buildSettings = {
				ALWAYS_SEARCH_USER_PATHS = NO;
				CLANG_ANALYZER_NONNULL = YES;
				CLANG_CXX_LANGUAGE_STANDARD = "gnu++0x";
				CLANG_CXX_LIBRARY = "libc++";
				CLANG_ENABLE_MODULES = YES;
				CLANG_ENABLE_OBJC_ARC = YES;
				CLANG_WARN_BOOL_CONVERSION = YES;
				CLANG_WARN_CONSTANT_CONVERSION = YES;
				CLANG_WARN_DIRECT_OBJC_ISA_USAGE = YES_ERROR;
				CLANG_WARN_DOCUMENTATION_COMMENTS = YES;
				CLANG_WARN_EMPTY_BODY = YES;
				CLANG_WARN_ENUM_CONVERSION = YES;
				CLANG_WARN_INFINITE_RECURSION = YES;
				CLANG_WARN_INT_CONVERSION = YES;
				CLANG_WARN_OBJC_ROOT_CLASS = YES_ERROR;
				CLANG_WARN_SUSPICIOUS_MOVE = YES;
				CLANG_WARN_UNREACHABLE_CODE = YES;
				CLANG_WARN__DUPLICATE_METHOD_MATCH = YES;
				"CODE_SIGN_IDENTITY[sdk=iphoneos*]" = "iPhone Developer";
				COPY_PHASE_STRIP = NO;
				DEBUG_INFORMATION_FORMAT = dwarf;
				ENABLE_STRICT_OBJC_MSGSEND = YES;
				ENABLE_TESTABILITY = YES;
				GCC_C_LANGUAGE_STANDARD = gnu99;
				GCC_DYNAMIC_NO_PIC = NO;
				GCC_NO_COMMON_BLOCKS = YES;
				GCC_OPTIMIZATION_LEVEL = 0;
				GCC_PREPROCESSOR_DEFINITIONS = (
					"DEBUG=1",
					"$(inherited)",
				);
				GCC_WARN_64_TO_32_BIT_CONVERSION = YES;
				GCC_WARN_ABOUT_RETURN_TYPE = YES_ERROR;
				GCC_WARN_UNDECLARED_SELECTOR = YES;
				GCC_WARN_UNINITIALIZED_AUTOS = YES_AGGRESSIVE;
				GCC_WARN_UNUSED_FUNCTION = YES;
				GCC_WARN_UNUSED_VARIABLE = YES;
				IPHONEOS_DEPLOYMENT_TARGET = 10.2;
				MTL_ENABLE_DEBUG_INFO = YES;
				ONLY_ACTIVE_ARCH = YES;
				SDKROOT = iphoneos;
				SWIFT_ACTIVE_COMPILATION_CONDITIONS = DEBUG;
				SWIFT_OPTIMIZATION_LEVEL = "-Onone";
			};
			name = Debug;
		};
		7FF620861E499BBB00AC6F40 /* Release */ = {
			isa = XCBuildConfiguration;
			buildSettings = {
				ALWAYS_SEARCH_USER_PATHS = NO;
				CLANG_ANALYZER_NONNULL = YES;
				CLANG_CXX_LANGUAGE_STANDARD = "gnu++0x";
				CLANG_CXX_LIBRARY = "libc++";
				CLANG_ENABLE_MODULES = YES;
				CLANG_ENABLE_OBJC_ARC = YES;
				CLANG_WARN_BOOL_CONVERSION = YES;
				CLANG_WARN_CONSTANT_CONVERSION = YES;
				CLANG_WARN_DIRECT_OBJC_ISA_USAGE = YES_ERROR;
				CLANG_WARN_DOCUMENTATION_COMMENTS = YES;
				CLANG_WARN_EMPTY_BODY = YES;
				CLANG_WARN_ENUM_CONVERSION = YES;
				CLANG_WARN_INFINITE_RECURSION = YES;
				CLANG_WARN_INT_CONVERSION = YES;
				CLANG_WARN_OBJC_ROOT_CLASS = YES_ERROR;
				CLANG_WARN_SUSPICIOUS_MOVE = YES;
				CLANG_WARN_UNREACHABLE_CODE = YES;
				CLANG_WARN__DUPLICATE_METHOD_MATCH = YES;
				"CODE_SIGN_IDENTITY[sdk=iphoneos*]" = "iPhone Developer";
				COPY_PHASE_STRIP = NO;
				DEBUG_INFORMATION_FORMAT = "dwarf-with-dsym";
				ENABLE_NS_ASSERTIONS = NO;
				ENABLE_STRICT_OBJC_MSGSEND = YES;
				GCC_C_LANGUAGE_STANDARD = gnu99;
				GCC_NO_COMMON_BLOCKS = YES;
				GCC_WARN_64_TO_32_BIT_CONVERSION = YES;
				GCC_WARN_ABOUT_RETURN_TYPE = YES_ERROR;
				GCC_WARN_UNDECLARED_SELECTOR = YES;
				GCC_WARN_UNINITIALIZED_AUTOS = YES_AGGRESSIVE;
				GCC_WARN_UNUSED_FUNCTION = YES;
				GCC_WARN_UNUSED_VARIABLE = YES;
				IPHONEOS_DEPLOYMENT_TARGET = 10.2;
				MTL_ENABLE_DEBUG_INFO = NO;
				SDKROOT = iphoneos;
				SWIFT_OPTIMIZATION_LEVEL = "-Owholemodule";
				VALIDATE_PRODUCT = YES;
			};
			name = Release;
		};
		7FF620881E499BBB00AC6F40 /* Debug */ = {
			isa = XCBuildConfiguration;
			buildSettings = {
				ASSETCATALOG_COMPILER_APPICON_NAME = AppIcon;
				DEVELOPMENT_TEAM = 3A4DMS5357;
				INFOPLIST_FILE = TCMManager_Swift/Info.plist;
				LD_RUNPATH_SEARCH_PATHS = "$(inherited) @executable_path/Frameworks";
				PRODUCT_BUNDLE_IDENTIFIER = "com.helijuan.TCMManager.TCMManager-Swift";
				PRODUCT_NAME = "$(TARGET_NAME)";
				SWIFT_VERSION = 3.0;
			};
			name = Debug;
		};
		7FF620891E499BBB00AC6F40 /* Release */ = {
			isa = XCBuildConfiguration;
			buildSettings = {
				ASSETCATALOG_COMPILER_APPICON_NAME = AppIcon;
				DEVELOPMENT_TEAM = 3A4DMS5357;
				INFOPLIST_FILE = TCMManager_Swift/Info.plist;
				LD_RUNPATH_SEARCH_PATHS = "$(inherited) @executable_path/Frameworks";
				PRODUCT_BUNDLE_IDENTIFIER = "com.helijuan.TCMManager.TCMManager-Swift";
				PRODUCT_NAME = "$(TARGET_NAME)";
				SWIFT_VERSION = 3.0;
			};
			name = Release;
		};
		7FF6208B1E499BBB00AC6F40 /* Debug */ = {
			isa = XCBuildConfiguration;
			buildSettings = {
				ALWAYS_EMBED_SWIFT_STANDARD_LIBRARIES = YES;
				BUNDLE_LOADER = "$(TEST_HOST)";
				DEVELOPMENT_TEAM = 3A4DMS5357;
				INFOPLIST_FILE = TCMManager_SwiftTests/Info.plist;
				LD_RUNPATH_SEARCH_PATHS = "$(inherited) @executable_path/Frameworks @loader_path/Frameworks";
				PRODUCT_BUNDLE_IDENTIFIER = "com.helijuan.TCMManager.TCMManager-SwiftTests";
				PRODUCT_NAME = "$(TARGET_NAME)";
				SWIFT_VERSION = 3.0;
				TEST_HOST = "$(BUILT_PRODUCTS_DIR)/TCMManager_Swift.app/TCMManager_Swift";
			};
			name = Debug;
		};
		7FF6208C1E499BBB00AC6F40 /* Release */ = {
			isa = XCBuildConfiguration;
			buildSettings = {
				ALWAYS_EMBED_SWIFT_STANDARD_LIBRARIES = YES;
				BUNDLE_LOADER = "$(TEST_HOST)";
				DEVELOPMENT_TEAM = 3A4DMS5357;
				INFOPLIST_FILE = TCMManager_SwiftTests/Info.plist;
				LD_RUNPATH_SEARCH_PATHS = "$(inherited) @executable_path/Frameworks @loader_path/Frameworks";
				PRODUCT_BUNDLE_IDENTIFIER = "com.helijuan.TCMManager.TCMManager-SwiftTests";
				PRODUCT_NAME = "$(TARGET_NAME)";
				SWIFT_VERSION = 3.0;
				TEST_HOST = "$(BUILT_PRODUCTS_DIR)/TCMManager_Swift.app/TCMManager_Swift";
			};
			name = Release;
		};
		7FF6208E1E499BBB00AC6F40 /* Debug */ = {
			isa = XCBuildConfiguration;
			buildSettings = {
				ALWAYS_EMBED_SWIFT_STANDARD_LIBRARIES = YES;
				DEVELOPMENT_TEAM = 3A4DMS5357;
				INFOPLIST_FILE = TCMManager_SwiftUITests/Info.plist;
				LD_RUNPATH_SEARCH_PATHS = "$(inherited) @executable_path/Frameworks @loader_path/Frameworks";
				PRODUCT_BUNDLE_IDENTIFIER = "com.helijuan.TCMManager.TCMManager-SwiftUITests";
				PRODUCT_NAME = "$(TARGET_NAME)";
				SWIFT_VERSION = 3.0;
				TEST_TARGET_NAME = TCMManager_Swift;
			};
			name = Debug;
		};
		7FF6208F1E499BBB00AC6F40 /* Release */ = {
			isa = XCBuildConfiguration;
			buildSettings = {
				ALWAYS_EMBED_SWIFT_STANDARD_LIBRARIES = YES;
				DEVELOPMENT_TEAM = 3A4DMS5357;
				INFOPLIST_FILE = TCMManager_SwiftUITests/Info.plist;
				LD_RUNPATH_SEARCH_PATHS = "$(inherited) @executable_path/Frameworks @loader_path/Frameworks";
				PRODUCT_BUNDLE_IDENTIFIER = "com.helijuan.TCMManager.TCMManager-SwiftUITests";
				PRODUCT_NAME = "$(TARGET_NAME)";
				SWIFT_VERSION = 3.0;
				TEST_TARGET_NAME = TCMManager_Swift;
			};
			name = Release;
		};
/* End XCBuildConfiguration section */

/* Begin XCConfigurationList section */
		7FF6205A1E499BBB00AC6F40 /* Build configuration list for PBXProject "TCMManager_Swift" */ = {
			isa = XCConfigurationList;
			buildConfigurations = (
				7FF620851E499BBB00AC6F40 /* Debug */,
				7FF620861E499BBB00AC6F40 /* Release */,
			);
			defaultConfigurationIsVisible = 0;
			defaultConfigurationName = Release;
		};
		7FF620871E499BBB00AC6F40 /* Build configuration list for PBXNativeTarget "TCMManager_Swift" */ = {
			isa = XCConfigurationList;
			buildConfigurations = (
				7FF620881E499BBB00AC6F40 /* Debug */,
				7FF620891E499BBB00AC6F40 /* Release */,
			);
			defaultConfigurationIsVisible = 0;
		};
		7FF6208A1E499BBB00AC6F40 /* Build configuration list for PBXNativeTarget "TCMManager_SwiftTests" */ = {
			isa = XCConfigurationList;
			buildConfigurations = (
				7FF6208B1E499BBB00AC6F40 /* Debug */,
				7FF6208C1E499BBB00AC6F40 /* Release */,
			);
			defaultConfigurationIsVisible = 0;
		};
		7FF6208D1E499BBB00AC6F40 /* Build configuration list for PBXNativeTarget "TCMManager_SwiftUITests" */ = {
			isa = XCConfigurationList;
			buildConfigurations = (
				7FF6208E1E499BBB00AC6F40 /* Debug */,
				7FF6208F1E499BBB00AC6F40 /* Release */,
			);
			defaultConfigurationIsVisible = 0;
		};
/* End XCConfigurationList section */
	};
	rootObject = 7FF620571E499BBB00AC6F40 /* Project object */;
}
